{
    "version": 3,
    "terraform_version": "0.10.6",
    "serial": 4,
    "lineage": "b61eb089-01fb-40d5-b486-640658fd7bbd",
    "modules": [
        {
            "path": [
                "root"
            ],
            "outputs": {
                "az1": {
                    "sensitive": false,
                    "type": "string",
                    "value": "us-gov-west-1a"
                },
                "az2": {
                    "sensitive": false,
                    "type": "string",
                    "value": "us-gov-west-1b"
                },
                "dns": {
                    "sensitive": false,
                    "type": "string",
                    "value": "10.0.0.2"
                },
                "environment": {
                    "sensitive": false,
                    "type": "string",
                    "value": "mrs"
                },
                "ert_subnet_cidr_az1": {
                    "sensitive": false,
                    "type": "string",
                    "value": "10.0.16.0/20"
                },
                "ert_subnet_cidr_az2": {
                    "sensitive": false,
                    "type": "string",
                    "value": "10.0.32.0/20"
                },
                "ert_subnet_gw_az1": {
                    "sensitive": false,
                    "type": "string",
                    "value": "10.0.16.1"
                },
                "ert_subnet_gw_az2": {
                    "sensitive": false,
                    "type": "string",
                    "value": "10.0.32.1"
                },
                "ert_subnet_id_az1": {
                    "sensitive": false,
                    "type": "string",
                    "value": "subnet-f9adf48e"
                },
                "ert_subnet_id_az2": {
                    "sensitive": false,
                    "type": "string",
                    "value": "subnet-27a08b42"
                },
                "infra_subnet_cidr_az1": {
                    "sensitive": false,
                    "type": "string",
                    "value": "10.0.6.0/24"
                },
                "infra_subnet_gw_az1": {
                    "sensitive": false,
                    "type": "string",
                    "value": "10.0.6.1"
                },
                "infra_subnet_id_az1": {
                    "sensitive": false,
                    "type": "string",
                    "value": "subnet-84aaf3f3"
                },
                "pcf_security_group": {
                    "sensitive": false,
                    "type": "string",
                    "value": "sg-dacd98bf"
                },
                "public_subnet_cidr_az1": {
                    "sensitive": false,
                    "type": "string",
                    "value": "10.0.0.0/24"
                },
                "public_subnet_cidr_az2": {
                    "sensitive": false,
                    "type": "string",
                    "value": "10.0.1.0/24"
                },
                "public_subnet_id_az1": {
                    "sensitive": false,
                    "type": "string",
                    "value": "subnet-5eadf429"
                },
                "public_subnet_id_az2": {
                    "sensitive": false,
                    "type": "string",
                    "value": "subnet-3da78c58"
                },
                "rds_subnet_cidr_az1": {
                    "sensitive": false,
                    "type": "string",
                    "value": "10.0.3.0/24"
                },
                "rds_subnet_cidr_az2": {
                    "sensitive": false,
                    "type": "string",
                    "value": "10.0.4.0/24"
                },
                "rds_subnet_id_az1": {
                    "sensitive": false,
                    "type": "string",
                    "value": "subnet-9eadf4e9"
                },
                "rds_subnet_id_az2": {
                    "sensitive": false,
                    "type": "string",
                    "value": "subnet-26a08b43"
                },
                "region": {
                    "sensitive": false,
                    "type": "string",
                    "value": "us-gov-west-1"
                },
                "s3_buildpacks": {
                    "sensitive": false,
                    "type": "string",
                    "value": "mrs-pcf-buildpacks"
                },
                "s3_pcf_bosh": {
                    "sensitive": false,
                    "type": "string",
                    "value": "mrs-pcf-bosh"
                },
                "s3_pcf_droplets": {
                    "sensitive": false,
                    "type": "string",
                    "value": "mrs-pcf-droplets"
                },
                "s3_pcf_packages": {
                    "sensitive": false,
                    "type": "string",
                    "value": "mrs-pcf-packages"
                },
                "s3_pcf_resources": {
                    "sensitive": false,
                    "type": "string",
                    "value": "mrs-pcf-resources"
                },
                "services_subnet_cidr_az1": {
                    "sensitive": false,
                    "type": "string",
                    "value": "10.0.64.0/20"
                },
                "services_subnet_cidr_az2": {
                    "sensitive": false,
                    "type": "string",
                    "value": "10.0.80.0/20"
                },
                "services_subnet_gw_az1": {
                    "sensitive": false,
                    "type": "string",
                    "value": "10.0.64.1"
                },
                "services_subnet_gw_az2": {
                    "sensitive": false,
                    "type": "string",
                    "value": "10.0.80.1"
                },
                "services_subnet_id_az1": {
                    "sensitive": false,
                    "type": "string",
                    "value": "subnet-5fadf428"
                },
                "services_subnet_id_az2": {
                    "sensitive": false,
                    "type": "string",
                    "value": "subnet-8aa08bef"
                },
                "vpc_cidr": {
                    "sensitive": false,
                    "type": "string",
                    "value": "10.0.0.0/16"
                },
                "vpc_id": {
                    "sensitive": false,
                    "type": "string",
                    "value": "vpc-d03f8fb5"
                }
            },
            "resources": {
                "aws_elb.PcfHttpElb": {
                    "type": "aws_elb",
                    "depends_on": [
                        "aws_security_group.PcfHttpElbSg",
                        "aws_subnet.PcfVpcPublicSubnet_az1",
                        "aws_subnet.PcfVpcPublicSubnet_az2"
                    ],
                    "primary": {
                        "id": "mrs-Pcf-Http-Elb",
                        "attributes": {
                            "access_logs.#": "0",
                            "availability_zones.#": "2",
                            "availability_zones.1639588218": "us-gov-west-1a",
                            "availability_zones.4172509376": "us-gov-west-1b",
                            "connection_draining": "false",
                            "connection_draining_timeout": "300",
                            "cross_zone_load_balancing": "true",
                            "dns_name": "internal-mrs-Pcf-Http-Elb-969638144.us-gov-west-1.elb.amazonaws.com",
                            "health_check.#": "1",
                            "health_check.0.healthy_threshold": "10",
                            "health_check.0.interval": "30",
                            "health_check.0.target": "TCP:80",
                            "health_check.0.timeout": "5",
                            "health_check.0.unhealthy_threshold": "2",
                            "id": "mrs-Pcf-Http-Elb",
                            "idle_timeout": "60",
                            "instances.#": "0",
                            "internal": "true",
                            "listener.#": "2",
                            "listener.1119296811.instance_port": "80",
                            "listener.1119296811.instance_protocol": "http",
                            "listener.1119296811.lb_port": "443",
                            "listener.1119296811.lb_protocol": "https",
                            "listener.1119296811.ssl_certificate_id": "arn:aws-us-gov:acm:us-gov-west-1:188453446942:certificate/a6345fdb-5538-4f32-b75d-ee163e37d0a1",
                            "listener.2596988513.instance_port": "80",
                            "listener.2596988513.instance_protocol": "tcp",
                            "listener.2596988513.lb_port": "4443",
                            "listener.2596988513.lb_protocol": "ssl",
                            "listener.2596988513.ssl_certificate_id": "arn:aws-us-gov:acm:us-gov-west-1:188453446942:certificate/a6345fdb-5538-4f32-b75d-ee163e37d0a1",
                            "name": "mrs-Pcf-Http-Elb",
                            "security_groups.#": "1",
                            "security_groups.3814795166": "sg-d9cd98bc",
                            "source_security_group": "188453446942/mrs-pcf_PcfHttpElb_sg",
                            "source_security_group_id": "sg-d9cd98bc",
                            "subnets.#": "2",
                            "subnets.2559495862": "subnet-5eadf429",
                            "subnets.4249001835": "subnet-3da78c58",
                            "tags.%": "1",
                            "tags.Name": "mrs-Pcf Http Elb",
                            "zone_id": "Z33AYJ8TM3BH4J"
                        },
                        "meta": {},
                        "tainted": false
                    },
                    "deposed": [],
                    "provider": ""
                },
                "aws_elb.PcfSshElb": {
                    "type": "aws_elb",
                    "depends_on": [
                        "aws_security_group.PcfSshElbSg",
                        "aws_subnet.PcfVpcPublicSubnet_az1",
                        "aws_subnet.PcfVpcPublicSubnet_az2"
                    ],
                    "primary": {
                        "id": "mrs-Pcf-Ssh-Elb",
                        "attributes": {
                            "access_logs.#": "0",
                            "availability_zones.#": "2",
                            "availability_zones.1639588218": "us-gov-west-1a",
                            "availability_zones.4172509376": "us-gov-west-1b",
                            "connection_draining": "false",
                            "connection_draining_timeout": "300",
                            "cross_zone_load_balancing": "true",
                            "dns_name": "internal-mrs-Pcf-Ssh-Elb-239376515.us-gov-west-1.elb.amazonaws.com",
                            "health_check.#": "1",
                            "health_check.0.healthy_threshold": "10",
                            "health_check.0.interval": "30",
                            "health_check.0.target": "TCP:2222",
                            "health_check.0.timeout": "5",
                            "health_check.0.unhealthy_threshold": "2",
                            "id": "mrs-Pcf-Ssh-Elb",
                            "idle_timeout": "60",
                            "instances.#": "0",
                            "internal": "true",
                            "listener.#": "1",
                            "listener.275574649.instance_port": "2222",
                            "listener.275574649.instance_protocol": "tcp",
                            "listener.275574649.lb_port": "2222",
                            "listener.275574649.lb_protocol": "tcp",
                            "listener.275574649.ssl_certificate_id": "",
                            "name": "mrs-Pcf-Ssh-Elb",
                            "security_groups.#": "1",
                            "security_groups.4072453059": "sg-e6cd9883",
                            "source_security_group": "188453446942/mrs-pcf_PcfSshElb_sg",
                            "source_security_group_id": "sg-e6cd9883",
                            "subnets.#": "2",
                            "subnets.2559495862": "subnet-5eadf429",
                            "subnets.4249001835": "subnet-3da78c58",
                            "tags.%": "1",
                            "tags.Name": "mrs-Pcf Ssh Elb",
                            "zone_id": "Z33AYJ8TM3BH4J"
                        },
                        "meta": {},
                        "tainted": false
                    },
                    "deposed": [],
                    "provider": ""
                },
                "aws_iam_access_key.pcf_iam_user_access_key": {
                    "type": "aws_iam_access_key",
                    "depends_on": [
                        "aws_iam_user.pcf_iam_user"
                    ],
                    "primary": {
                        "id": "AKIAKHPACQPZB4ZRVYVA",
                        "attributes": {
                            "id": "AKIAKHPACQPZB4ZRVYVA",
                            "secret": "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",
                            "ses_smtp_password": "AnjfS/OUJ7/+FQxoWUDnmkKS0yW/xxu6JdUqNo/r+DkX",
                            "status": "Active",
                            "user": "mrs_pcf_iam_user"
                        },
                        "meta": {},
                        "tainted": false
                    },
                    "deposed": [],
                    "provider": ""
                },
                "aws_iam_instance_profile.pcf_admin_role_instance_profile": {
                    "type": "aws_iam_instance_profile",
                    "depends_on": [
                        "aws_iam_role.pcf_admin_role"
                    ],
                    "primary": {
                        "id": "mrs_pcf_admin_role_instance_profile",
                        "attributes": {
                            "arn": "arn:aws-us-gov:iam::188453446942:instance-profile/mrs_pcf_admin_role_instance_profile",
                            "id": "mrs_pcf_admin_role_instance_profile",
                            "name": "mrs_pcf_admin_role_instance_profile",
                            "path": "/",
                            "role": "mrs_pcf_admin_role",
                            "roles.#": "1",
                            "roles.248066853": "mrs_pcf_admin_role",
                            "unique_id": "AIPALBEGCSPLEMVNA7HUS"
                        },
                        "meta": {},
                        "tainted": false
                    },
                    "deposed": [],
                    "provider": ""
                },
                "aws_iam_policy.PcfAdminPolicy": {
                    "type": "aws_iam_policy",
                    "depends_on": [
                        "data.aws_iam_policy_document.pcf_iam_rds_role_policy_document"
                    ],
                    "primary": {
                        "id": "arn:aws-us-gov:iam::188453446942:policy/PcfAdminPolicyMRS",
                        "attributes": {
                            "arn": "arn:aws-us-gov:iam::188453446942:policy/PcfAdminPolicyMRS",
                            "description": "mrs PCF Admin Policy",
                            "id": "arn:aws-us-gov:iam::188453446942:policy/PcfAdminPolicyMRS",
                            "name": "PcfAdminPolicyMRS",
                            "path": "/",
                            "policy": "{\n  \"Version\": \"2012-10-17\",\n  \"Id\": \"mrs_IamRdsRolePolicyDocument\",\n  \"Statement\": [\n    {\n      \"Sid\": \"PcfAdminIamPermissions\",\n      \"Effect\": \"Deny\",\n      \"Action\": [\n        \"iam:Update*\",\n        \"iam:SimulatePrincipalPolicy\",\n        \"iam:SimulateCustomPolicy\",\n        \"iam:SetDefaultPolicyVersion\",\n        \"iam:ResyncMFADevice\",\n        \"iam:RemoveUserFromGroup\",\n        \"iam:RemoveRoleFromInstanceProfile\",\n        \"iam:RemoveClientIDFromOpenIDConnectProvider\",\n        \"iam:Put*\",\n        \"iam:List*\",\n        \"iam:GetUserPolicy\",\n        \"iam:GetUser\",\n        \"iam:GetServiceLastAccessedDetails\",\n        \"iam:GetServerCertificate\",\n        \"iam:GetSSHPublicKey\",\n        \"iam:GetSAMLProvider\",\n        \"iam:GetRolePolicy\",\n        \"iam:GetRole\",\n        \"iam:GetPolicyVersion\",\n        \"iam:GetPolicy\",\n        \"iam:GetOpenIDConnectProvider\",\n        \"iam:GetLoginProfile\",\n        \"iam:GetGroupPolicy\",\n        \"iam:GetGroup\",\n        \"iam:GetCredentialReport\",\n        \"iam:GetContextKeysForPrincipalPolicy\",\n        \"iam:GetContextKeysForCustomPolicy\",\n        \"iam:GetAccountSummary\",\n        \"iam:GetAccountPasswordPolicy\",\n        \"iam:GetAccountAuthorizationDetails\",\n        \"iam:GetAccessKeyLastUsed\",\n        \"iam:GenerateServiceLastAccessedDetails\",\n        \"iam:GenerateCredentialReport\",\n        \"iam:EnableMFADevice\",\n        \"iam:Detach*\",\n        \"iam:Delete*\",\n        \"iam:DeactivateMFADevice\",\n        \"iam:Create*\",\n        \"iam:ChangePassword\",\n        \"iam:Attach*\",\n        \"iam:Add*\"\n      ],\n      \"Resource\": \"*\"\n    },\n    {\n      \"Sid\": \"PcfAdminEc2Permissions\",\n      \"Effect\": \"Allow\",\n      \"Action\": [\n        \"ec2:TerminateInstances\",\n        \"ec2:RunInstances\",\n        \"ec2:RebootInstances\",\n        \"ec2:DisassociateAddress\",\n        \"ec2:DetachVolume\",\n        \"ec2:DescribeVpcs\",\n        \"ec2:DescribeVolumes\",\n        \"ec2:DescribeSubnets\",\n        \"ec2:DescribeSnapshots\",\n        \"ec2:DescribeSecurityGroups\",\n        \"ec2:DescribeRegions\",\n        \"ec2:DescribeKeypairs\",\n        \"ec2:DescribeInstances\",\n        \"ec2:DescribeImages\",\n        \"ec2:DescribeAvailabilityZones\",\n        \"ec2:DescribeAddresses\",\n        \"ec2:DescribeAccountAttributes\",\n        \"ec2:DeleteVolume\",\n        \"ec2:DeleteSnapshot\",\n        \"ec2:CreateVolume\",\n        \"ec2:CreateTags\",\n        \"ec2:CreateSnapshot\",\n        \"ec2:AttachVolume\",\n        \"ec2:AssociateAddress\"\n      ],\n      \"Resource\": \"*\"\n    },\n    {\n      \"Sid\": \"PcfAdminElbPermissions\",\n      \"Effect\": \"Allow\",\n      \"Action\": [\n        \"elasticloadbalancing:RegisterInstancesWithLoadBalancer\",\n        \"elasticloadbalancing:DescribeLoadBalancers\",\n        \"elasticloadbalancing:DeregisterInstancesFromLoadBalancer\"\n      ],\n      \"Resource\": \"*\"\n    },\n    {\n      \"Sid\": \"PcfAdminS3Permissions\",\n      \"Effect\": \"Allow\",\n      \"Action\": \"s3:*\",\n      \"Resource\": [\n        \"arn:aws-us-gov:s3:::mrs-pcf-bosh/*\",\n        \"arn:aws-us-gov:s3:::mrs-pcf-bosh\"\n      ]\n    },\n    {\n      \"Sid\": \"AllowToCreateInstanceWithCurrentInstanceProfile\",\n      \"Effect\": \"Allow\",\n      \"Action\": \"iam:PassRole\",\n      \"Resource\": \"arn:aws-us-gov:iam::188453446942:role/mrs_pcf_admin_role\"\n    },\n    {\n      \"Sid\": \"AllowToGetInfoAboutCurrentInstanceProfile\",\n      \"Effect\": \"Allow\",\n      \"Action\": \"iam:GetInstanceProfile\",\n      \"Resource\": \"arn:aws-us-gov:iam::188453446942:instance-profile/mrs_pcf_admin_role_instance_profile\"\n    }\n  ]\n}"
                        },
                        "meta": {},
                        "tainted": false
                    },
                    "deposed": [],
                    "provider": ""
                },
                "aws_iam_role.pcf_admin_role": {
                    "type": "aws_iam_role",
                    "depends_on": [],
                    "primary": {
                        "id": "mrs_pcf_admin_role",
                        "attributes": {
                            "arn": "arn:aws-us-gov:iam::188453446942:role/mrs_pcf_admin_role",
                            "assume_role_policy": "{\"Version\":\"2012-10-17\",\"Statement\":[{\"Sid\":\"PcfAdminRolePolicy\",\"Effect\":\"Allow\",\"Principal\":{\"Service\":\"ec2.amazonaws.com\"},\"Action\":\"sts:AssumeRole\"}]}",
                            "create_date": "2017-10-03T01:19:55Z",
                            "force_detach_policies": "false",
                            "id": "mrs_pcf_admin_role",
                            "name": "mrs_pcf_admin_role",
                            "path": "/",
                            "unique_id": "AROALOHQZTX4FXEFZ2HUS"
                        },
                        "meta": {},
                        "tainted": false
                    },
                    "deposed": [],
                    "provider": ""
                },
                "aws_iam_role_policy_attachment.PcfAdminPolicy_role_attach": {
                    "type": "aws_iam_role_policy_attachment",
                    "depends_on": [
                        "aws_iam_policy.PcfAdminPolicy",
                        "aws_iam_role.pcf_admin_role"
                    ],
                    "primary": {
                        "id": "mrs_pcf_admin_role-20171003012028250200000001",
                        "attributes": {
                            "id": "mrs_pcf_admin_role-20171003012028250200000001",
                            "policy_arn": "arn:aws-us-gov:iam::188453446942:policy/PcfAdminPolicyMRS",
                            "role": "mrs_pcf_admin_role"
                        },
                        "meta": {},
                        "tainted": false
                    },
                    "deposed": [],
                    "provider": ""
                },
                "aws_iam_user.pcf_iam_user": {
                    "type": "aws_iam_user",
                    "depends_on": [],
                    "primary": {
                        "id": "mrs_pcf_iam_user",
                        "attributes": {
                            "arn": "arn:aws-us-gov:iam::188453446942:user/system/mrs_pcf_iam_user",
                            "force_destroy": "false",
                            "id": "mrs_pcf_iam_user",
                            "name": "mrs_pcf_iam_user",
                            "path": "/system/",
                            "unique_id": "AIDAKQCJNY3P3OOREYRQW"
                        },
                        "meta": {},
                        "tainted": false
                    },
                    "deposed": [],
                    "provider": ""
                },
                "aws_iam_user_policy.PcfErtPolicy": {
                    "type": "aws_iam_user_policy",
                    "depends_on": [
                        "aws_iam_user.pcf_iam_user"
                    ],
                    "primary": {
                        "id": "mrs_pcf_iam_user:PcfErtPolicy",
                        "attributes": {
                            "id": "mrs_pcf_iam_user:PcfErtPolicy",
                            "name": "PcfErtPolicy",
                            "policy": "{\n    \"Version\": \"2012-10-17\",\n    \"Statement\": [\n        {\n            \"Action\": [\n                \"s3:*\"\n            ],\n            \"Resource\": [\n                \"arn:aws-us-gov:s3:::mrs-pcf-buildpacks\",\n                \"arn:aws-us-gov:s3:::mrs-pcf-buildpacks/*\",\n                \"arn:aws-us-gov:s3:::mrs-pcf-droplets\",\n                \"arn:aws-us-gov:s3:::mrs-pcf-droplets/*\",\n                \"arn:aws-us-gov:s3:::mrs-pcf-packages\",\n                \"arn:aws-us-gov:s3:::mrs-pcf-packages/*\",\n                \"arn:aws-us-gov:s3:::mrs-pcf-resources\",\n                \"arn:aws-us-gov:s3:::mrs-pcf-resources/*\"\n            ],\n            \"Effect\": \"Allow\",\n            \"Sid\": \"ElasticRuntimeS3Permissions\"\n        }\n    ]\n}\n",
                            "user": "mrs_pcf_iam_user"
                        },
                        "meta": {},
                        "tainted": false
                    },
                    "deposed": [],
                    "provider": ""
                },
                "aws_iam_user_policy_attachment.PcfAdminPolicy_role_attach": {
                    "type": "aws_iam_user_policy_attachment",
                    "depends_on": [
                        "aws_iam_policy.PcfAdminPolicy",
                        "aws_iam_user.pcf_iam_user"
                    ],
                    "primary": {
                        "id": "mrs_pcf_iam_user-20171003012028253000000002",
                        "attributes": {
                            "id": "mrs_pcf_iam_user-20171003012028253000000002",
                            "policy_arn": "arn:aws-us-gov:iam::188453446942:policy/PcfAdminPolicyMRS",
                            "user": "mrs_pcf_iam_user"
                        },
                        "meta": {},
                        "tainted": false
                    },
                    "deposed": [],
                    "provider": ""
                },
                "aws_instance.nat_az1": {
                    "type": "aws_instance",
                    "depends_on": [
                        "aws_security_group.nat_instance_sg",
                        "aws_subnet.PcfVpcPublicSubnet_az1"
                    ],
                    "primary": {
                        "id": "i-0e80e72fa2e4dce71",
                        "attributes": {
                            "ami": "ami-3f0a8f5e",
                            "associate_public_ip_address": "true",
                            "availability_zone": "us-gov-west-1a",
                            "disable_api_termination": "false",
                            "ebs_block_device.#": "0",
                            "ebs_optimized": "false",
                            "ephemeral_block_device.#": "0",
                            "iam_instance_profile": "",
                            "id": "i-0e80e72fa2e4dce71",
                            "instance_state": "running",
                            "instance_type": "t2.medium",
                            "ipv6_addresses.#": "0",
                            "key_name": "mspiering-govcloud",
                            "monitoring": "false",
                            "network_interface.#": "0",
                            "network_interface_id": "eni-fbd587d3",
                            "primary_network_interface_id": "eni-fbd587d3",
                            "private_dns": "ip-10-0-0-6.us-gov-west-1.compute.internal",
                            "private_ip": "10.0.0.6",
                            "public_dns": "ec2-52-222-40-21.us-gov-west-1.compute.amazonaws.com",
                            "public_ip": "52.222.40.21",
                            "root_block_device.#": "1",
                            "root_block_device.0.delete_on_termination": "true",
                            "root_block_device.0.iops": "0",
                            "root_block_device.0.volume_size": "8",
                            "root_block_device.0.volume_type": "standard",
                            "security_groups.#": "0",
                            "source_dest_check": "false",
                            "subnet_id": "subnet-5eadf429",
                            "tags.%": "1",
                            "tags.Name": "mrs-Nat Instance az1",
                            "tenancy": "default",
                            "volume_tags.%": "0",
                            "vpc_security_group_ids.#": "1",
                            "vpc_security_group_ids.995561431": "sg-a5c297c0"
                        },
                        "meta": {
                            "e2bfb730-ecaa-11e6-8f88-34363bc7c4c0": {
                                "create": 600000000000,
                                "delete": 600000000000,
                                "update": 600000000000
                            },
                            "schema_version": "1"
                        },
                        "tainted": false
                    },
                    "deposed": [],
                    "provider": ""
                },
                "aws_instance.nat_az2": {
                    "type": "aws_instance",
                    "depends_on": [
                        "aws_security_group.nat_instance_sg",
                        "aws_subnet.PcfVpcPublicSubnet_az2"
                    ],
                    "primary": {
                        "id": "i-04d35ca15d9e7065b",
                        "attributes": {
                            "ami": "ami-3f0a8f5e",
                            "associate_public_ip_address": "true",
                            "availability_zone": "us-gov-west-1b",
                            "disable_api_termination": "false",
                            "ebs_block_device.#": "0",
                            "ebs_optimized": "false",
                            "ephemeral_block_device.#": "0",
                            "iam_instance_profile": "",
                            "id": "i-04d35ca15d9e7065b",
                            "instance_state": "running",
                            "instance_type": "t2.medium",
                            "ipv6_addresses.#": "0",
                            "key_name": "mspiering-govcloud",
                            "monitoring": "false",
                            "network_interface.#": "0",
                            "network_interface_id": "eni-918fa5d7",
                            "primary_network_interface_id": "eni-918fa5d7",
                            "private_dns": "ip-10-0-1-6.us-gov-west-1.compute.internal",
                            "private_ip": "10.0.1.6",
                            "public_dns": "ec2-52-222-34-59.us-gov-west-1.compute.amazonaws.com",
                            "public_ip": "52.222.34.59",
                            "root_block_device.#": "1",
                            "root_block_device.0.delete_on_termination": "true",
                            "root_block_device.0.iops": "0",
                            "root_block_device.0.volume_size": "8",
                            "root_block_device.0.volume_type": "standard",
                            "security_groups.#": "0",
                            "source_dest_check": "false",
                            "subnet_id": "subnet-3da78c58",
                            "tags.%": "1",
                            "tags.Name": "mrs-Nat Instance az2",
                            "tenancy": "default",
                            "volume_tags.%": "0",
                            "vpc_security_group_ids.#": "1",
                            "vpc_security_group_ids.995561431": "sg-a5c297c0"
                        },
                        "meta": {
                            "e2bfb730-ecaa-11e6-8f88-34363bc7c4c0": {
                                "create": 600000000000,
                                "delete": 600000000000,
                                "update": 600000000000
                            },
                            "schema_version": "1"
                        },
                        "tainted": false
                    },
                    "deposed": [],
                    "provider": ""
                },
                "aws_instance.opsmman_az1": {
                    "type": "aws_instance",
                    "depends_on": [
                        "aws_security_group.directorSG",
                        "aws_subnet.PcfVpcPublicSubnet_az1"
                    ],
                    "primary": {
                        "id": "i-039b74307b1b7933b",
                        "attributes": {
                            "ami": "ami-fad1539b",
                            "associate_public_ip_address": "false",
                            "availability_zone": "us-gov-west-1a",
                            "disable_api_termination": "false",
                            "ebs_block_device.#": "0",
                            "ebs_optimized": "false",
                            "ephemeral_block_device.#": "0",
                            "iam_instance_profile": "",
                            "id": "i-039b74307b1b7933b",
                            "instance_state": "running",
                            "instance_type": "m3.large",
                            "ipv6_addresses.#": "0",
                            "key_name": "mspiering-govcloud",
                            "monitoring": "false",
                            "network_interface.#": "0",
                            "network_interface_id": "eni-82d88aaa",
                            "primary_network_interface_id": "eni-82d88aaa",
                            "private_dns": "ip-10-0-0-7.us-gov-west-1.compute.internal",
                            "private_ip": "10.0.0.7",
                            "public_dns": "",
                            "public_ip": "",
                            "root_block_device.#": "1",
                            "root_block_device.0.delete_on_termination": "true",
                            "root_block_device.0.iops": "765",
                            "root_block_device.0.volume_size": "255",
                            "root_block_device.0.volume_type": "gp2",
                            "security_groups.#": "0",
                            "source_dest_check": "true",
                            "subnet_id": "subnet-5eadf429",
                            "tags.%": "1",
                            "tags.Name": "mrs-OpsMan az1",
                            "tenancy": "default",
                            "volume_tags.%": "0",
                            "vpc_security_group_ids.#": "1",
                            "vpc_security_group_ids.960422710": "sg-45cd9820"
                        },
                        "meta": {
                            "e2bfb730-ecaa-11e6-8f88-34363bc7c4c0": {
                                "create": 600000000000,
                                "delete": 600000000000,
                                "update": 600000000000
                            },
                            "schema_version": "1"
                        },
                        "tainted": false
                    },
                    "deposed": [],
                    "provider": ""
                },
                "aws_route_table.PrivateSubnetRouteTable_az1": {
                    "type": "aws_route_table",
                    "depends_on": [
                        "aws_instance.nat_az1",
                        "aws_vpc.PcfVpc"
                    ],
                    "primary": {
                        "id": "rtb-93d4baf6",
                        "attributes": {
                            "id": "rtb-93d4baf6",
                            "propagating_vgws.#": "0",
                            "route.#": "1",
                            "route.2588037463.cidr_block": "0.0.0.0/0",
                            "route.2588037463.egress_only_gateway_id": "",
                            "route.2588037463.gateway_id": "",
                            "route.2588037463.instance_id": "i-0e80e72fa2e4dce71",
                            "route.2588037463.ipv6_cidr_block": "",
                            "route.2588037463.nat_gateway_id": "",
                            "route.2588037463.network_interface_id": "eni-fbd587d3",
                            "route.2588037463.vpc_peering_connection_id": "",
                            "tags.%": "1",
                            "tags.Name": "mrs-Private Subnet Route Table AZ1",
                            "vpc_id": "vpc-d03f8fb5"
                        },
                        "meta": {},
                        "tainted": false
                    },
                    "deposed": [],
                    "provider": ""
                },
                "aws_route_table.PublicSubnetRouteTable": {
                    "type": "aws_route_table",
                    "depends_on": [
                        "aws_vpc.PcfVpc",
                        "aws_vpn_gateway_attachment.vpn_attachment"
                    ],
                    "primary": {
                        "id": "rtb-92d5bbf7",
                        "attributes": {
                            "id": "rtb-92d5bbf7",
                            "propagating_vgws.#": "0",
                            "route.#": "1",
                            "route.2421236333.cidr_block": "0.0.0.0/0",
                            "route.2421236333.egress_only_gateway_id": "",
                            "route.2421236333.gateway_id": "vgw-b8fe9e9b",
                            "route.2421236333.instance_id": "",
                            "route.2421236333.ipv6_cidr_block": "",
                            "route.2421236333.nat_gateway_id": "",
                            "route.2421236333.network_interface_id": "",
                            "route.2421236333.vpc_peering_connection_id": "",
                            "tags.%": "1",
                            "tags.Name": "mrs-Public Subnet Route Table",
                            "vpc_id": "vpc-d03f8fb5"
                        },
                        "meta": {},
                        "tainted": false
                    },
                    "deposed": [],
                    "provider": ""
                },
                "aws_route_table.SubnetRouteTable_az2": {
                    "type": "aws_route_table",
                    "depends_on": [
                        "aws_instance.nat_az2",
                        "aws_vpc.PcfVpc"
                    ],
                    "primary": {
                        "id": "rtb-31d4ba54",
                        "attributes": {
                            "id": "rtb-31d4ba54",
                            "propagating_vgws.#": "0",
                            "route.#": "1",
                            "route.159702773.cidr_block": "0.0.0.0/0",
                            "route.159702773.egress_only_gateway_id": "",
                            "route.159702773.gateway_id": "",
                            "route.159702773.instance_id": "i-04d35ca15d9e7065b",
                            "route.159702773.ipv6_cidr_block": "",
                            "route.159702773.nat_gateway_id": "",
                            "route.159702773.network_interface_id": "eni-918fa5d7",
                            "route.159702773.vpc_peering_connection_id": "",
                            "tags.%": "1",
                            "tags.Name": "mrs-Private Subnet Route Table AZ2",
                            "vpc_id": "vpc-d03f8fb5"
                        },
                        "meta": {},
                        "tainted": false
                    },
                    "deposed": [],
                    "provider": ""
                },
                "aws_route_table_association.a_az1": {
                    "type": "aws_route_table_association",
                    "depends_on": [
                        "aws_route_table.PublicSubnetRouteTable",
                        "aws_subnet.PcfVpcPublicSubnet_az1"
                    ],
                    "primary": {
                        "id": "rtbassoc-54592c31",
                        "attributes": {
                            "id": "rtbassoc-54592c31",
                            "route_table_id": "rtb-92d5bbf7",
                            "subnet_id": "subnet-5eadf429"
                        },
                        "meta": {},
                        "tainted": false
                    },
                    "deposed": [],
                    "provider": ""
                },
                "aws_route_table_association.a_az2": {
                    "type": "aws_route_table_association",
                    "depends_on": [
                        "aws_route_table.PublicSubnetRouteTable",
                        "aws_subnet.PcfVpcPublicSubnet_az2"
                    ],
                    "primary": {
                        "id": "rtbassoc-55592c30",
                        "attributes": {
                            "id": "rtbassoc-55592c30",
                            "route_table_id": "rtb-92d5bbf7",
                            "subnet_id": "subnet-3da78c58"
                        },
                        "meta": {},
                        "tainted": false
                    },
                    "deposed": [],
                    "provider": ""
                },
                "aws_route_table_association.b_az1": {
                    "type": "aws_route_table_association",
                    "depends_on": [
                        "aws_route_table.PrivateSubnetRouteTable_az1",
                        "aws_subnet.PcfVpcErtSubnet_az1"
                    ],
                    "primary": {
                        "id": "rtbassoc-b45e2bd1",
                        "attributes": {
                            "id": "rtbassoc-b45e2bd1",
                            "route_table_id": "rtb-93d4baf6",
                            "subnet_id": "subnet-f9adf48e"
                        },
                        "meta": {},
                        "tainted": false
                    },
                    "deposed": [],
                    "provider": ""
                },
                "aws_route_table_association.c_az1": {
                    "type": "aws_route_table_association",
                    "depends_on": [
                        "aws_route_table.PrivateSubnetRouteTable_az1",
                        "aws_subnet.PcfVpcRdsSubnet_az1"
                    ],
                    "primary": {
                        "id": "rtbassoc-b75e2bd2",
                        "attributes": {
                            "id": "rtbassoc-b75e2bd2",
                            "route_table_id": "rtb-93d4baf6",
                            "subnet_id": "subnet-9eadf4e9"
                        },
                        "meta": {},
                        "tainted": false
                    },
                    "deposed": [],
                    "provider": ""
                },
                "aws_route_table_association.d_az1": {
                    "type": "aws_route_table_association",
                    "depends_on": [
                        "aws_route_table.PrivateSubnetRouteTable_az1",
                        "aws_subnet.PcfVpcServicesSubnet_az1"
                    ],
                    "primary": {
                        "id": "rtbassoc-bd592cd8",
                        "attributes": {
                            "id": "rtbassoc-bd592cd8",
                            "route_table_id": "rtb-93d4baf6",
                            "subnet_id": "subnet-5fadf428"
                        },
                        "meta": {},
                        "tainted": false
                    },
                    "deposed": [],
                    "provider": ""
                },
                "aws_route_table_association.i_az1": {
                    "type": "aws_route_table_association",
                    "depends_on": [
                        "aws_route_table.PrivateSubnetRouteTable_az1",
                        "aws_subnet.PcfVpcInfraSubnet_az1"
                    ],
                    "primary": {
                        "id": "rtbassoc-bc592cd9",
                        "attributes": {
                            "id": "rtbassoc-bc592cd9",
                            "route_table_id": "rtb-93d4baf6",
                            "subnet_id": "subnet-84aaf3f3"
                        },
                        "meta": {},
                        "tainted": false
                    },
                    "deposed": [],
                    "provider": ""
                },
                "aws_route_table_association.x_az2": {
                    "type": "aws_route_table_association",
                    "depends_on": [
                        "aws_route_table.SubnetRouteTable_az2",
                        "aws_subnet.PcfVpcErtSubnet_az2"
                    ],
                    "primary": {
                        "id": "rtbassoc-135e2b76",
                        "attributes": {
                            "id": "rtbassoc-135e2b76",
                            "route_table_id": "rtb-31d4ba54",
                            "subnet_id": "subnet-27a08b42"
                        },
                        "meta": {},
                        "tainted": false
                    },
                    "deposed": [],
                    "provider": ""
                },
                "aws_route_table_association.y_az2": {
                    "type": "aws_route_table_association",
                    "depends_on": [
                        "aws_route_table.SubnetRouteTable_az2",
                        "aws_subnet.PcfVpcRdsSubnet_az2"
                    ],
                    "primary": {
                        "id": "rtbassoc-125e2b77",
                        "attributes": {
                            "id": "rtbassoc-125e2b77",
                            "route_table_id": "rtb-31d4ba54",
                            "subnet_id": "subnet-26a08b43"
                        },
                        "meta": {},
                        "tainted": false
                    },
                    "deposed": [],
                    "provider": ""
                },
                "aws_route_table_association.z_az2": {
                    "type": "aws_route_table_association",
                    "depends_on": [
                        "aws_route_table.SubnetRouteTable_az2",
                        "aws_subnet.PcfVpcServicesSubnet_az2"
                    ],
                    "primary": {
                        "id": "rtbassoc-40592c25",
                        "attributes": {
                            "id": "rtbassoc-40592c25",
                            "route_table_id": "rtb-31d4ba54",
                            "subnet_id": "subnet-8aa08bef"
                        },
                        "meta": {},
                        "tainted": false
                    },
                    "deposed": [],
                    "provider": ""
                },
                "aws_s3_bucket.pcf-bosh": {
                    "type": "aws_s3_bucket",
                    "depends_on": [],
                    "primary": {
                        "id": "mrs-pcf-bosh",
                        "attributes": {
                            "acl": "private",
                            "arn": "arn:aws-us-gov:s3:::mrs-pcf-bosh",
                            "bucket": "mrs-pcf-bosh",
                            "bucket_domain_name": "mrs-pcf-bosh.s3.amazonaws.com",
                            "force_destroy": "true",
                            "hosted_zone_id": "Z31GFT0UA1I2HV",
                            "id": "mrs-pcf-bosh",
                            "logging.#": "0",
                            "region": "us-gov-west-1",
                            "request_payer": "BucketOwner",
                            "tags.%": "2",
                            "tags.Environment": "mrs",
                            "tags.Name": "mrs-pcf-bosh",
                            "versioning.#": "1",
                            "versioning.0.enabled": "false",
                            "versioning.0.mfa_delete": "false",
                            "website.#": "0"
                        },
                        "meta": {},
                        "tainted": false
                    },
                    "deposed": [],
                    "provider": ""
                },
                "aws_s3_bucket.pcf-buildpacks": {
                    "type": "aws_s3_bucket",
                    "depends_on": [],
                    "primary": {
                        "id": "mrs-pcf-buildpacks",
                        "attributes": {
                            "acl": "private",
                            "arn": "arn:aws-us-gov:s3:::mrs-pcf-buildpacks",
                            "bucket": "mrs-pcf-buildpacks",
                            "bucket_domain_name": "mrs-pcf-buildpacks.s3.amazonaws.com",
                            "force_destroy": "true",
                            "hosted_zone_id": "Z31GFT0UA1I2HV",
                            "id": "mrs-pcf-buildpacks",
                            "logging.#": "0",
                            "region": "us-gov-west-1",
                            "request_payer": "BucketOwner",
                            "tags.%": "2",
                            "tags.Environment": "mrs",
                            "tags.Name": "mrs-pcf-buildpacks",
                            "versioning.#": "1",
                            "versioning.0.enabled": "false",
                            "versioning.0.mfa_delete": "false",
                            "website.#": "0"
                        },
                        "meta": {},
                        "tainted": false
                    },
                    "deposed": [],
                    "provider": ""
                },
                "aws_s3_bucket.pcf-droplets": {
                    "type": "aws_s3_bucket",
                    "depends_on": [],
                    "primary": {
                        "id": "mrs-pcf-droplets",
                        "attributes": {
                            "acl": "private",
                            "arn": "arn:aws-us-gov:s3:::mrs-pcf-droplets",
                            "bucket": "mrs-pcf-droplets",
                            "bucket_domain_name": "mrs-pcf-droplets.s3.amazonaws.com",
                            "force_destroy": "true",
                            "hosted_zone_id": "Z31GFT0UA1I2HV",
                            "id": "mrs-pcf-droplets",
                            "logging.#": "0",
                            "region": "us-gov-west-1",
                            "request_payer": "BucketOwner",
                            "tags.%": "2",
                            "tags.Environment": "mrs",
                            "tags.Name": "mrs-pcf-droplets",
                            "versioning.#": "1",
                            "versioning.0.enabled": "false",
                            "versioning.0.mfa_delete": "false",
                            "website.#": "0"
                        },
                        "meta": {},
                        "tainted": false
                    },
                    "deposed": [],
                    "provider": ""
                },
                "aws_s3_bucket.pcf-packages": {
                    "type": "aws_s3_bucket",
                    "depends_on": [],
                    "primary": {
                        "id": "mrs-pcf-packages",
                        "attributes": {
                            "acl": "private",
                            "arn": "arn:aws-us-gov:s3:::mrs-pcf-packages",
                            "bucket": "mrs-pcf-packages",
                            "bucket_domain_name": "mrs-pcf-packages.s3.amazonaws.com",
                            "force_destroy": "true",
                            "hosted_zone_id": "Z31GFT0UA1I2HV",
                            "id": "mrs-pcf-packages",
                            "logging.#": "0",
                            "region": "us-gov-west-1",
                            "request_payer": "BucketOwner",
                            "tags.%": "2",
                            "tags.Environment": "mrs",
                            "tags.Name": "mrs-pcf-packages",
                            "versioning.#": "1",
                            "versioning.0.enabled": "false",
                            "versioning.0.mfa_delete": "false",
                            "website.#": "0"
                        },
                        "meta": {},
                        "tainted": false
                    },
                    "deposed": [],
                    "provider": ""
                },
                "aws_s3_bucket.pcf-resources": {
                    "type": "aws_s3_bucket",
                    "depends_on": [],
                    "primary": {
                        "id": "mrs-pcf-resources",
                        "attributes": {
                            "acl": "private",
                            "arn": "arn:aws-us-gov:s3:::mrs-pcf-resources",
                            "bucket": "mrs-pcf-resources",
                            "bucket_domain_name": "mrs-pcf-resources.s3.amazonaws.com",
                            "force_destroy": "true",
                            "hosted_zone_id": "Z31GFT0UA1I2HV",
                            "id": "mrs-pcf-resources",
                            "logging.#": "0",
                            "region": "us-gov-west-1",
                            "request_payer": "BucketOwner",
                            "tags.%": "2",
                            "tags.Environment": "mrs",
                            "tags.Name": "mrs-pcf-resources",
                            "versioning.#": "1",
                            "versioning.0.enabled": "false",
                            "versioning.0.mfa_delete": "false",
                            "website.#": "0"
                        },
                        "meta": {},
                        "tainted": false
                    },
                    "deposed": [],
                    "provider": ""
                },
                "aws_security_group.PcfHttpElbSg": {
                    "type": "aws_security_group",
                    "depends_on": [
                        "aws_vpc.PcfVpc"
                    ],
                    "primary": {
                        "id": "sg-d9cd98bc",
                        "attributes": {
                            "description": "Allow incoming connections for PcfHttpElb Elb.",
                            "egress.#": "1",
                            "egress.482069346.cidr_blocks.#": "1",
                            "egress.482069346.cidr_blocks.0": "0.0.0.0/0",
                            "egress.482069346.from_port": "0",
                            "egress.482069346.ipv6_cidr_blocks.#": "0",
                            "egress.482069346.prefix_list_ids.#": "0",
                            "egress.482069346.protocol": "-1",
                            "egress.482069346.security_groups.#": "0",
                            "egress.482069346.self": "false",
                            "egress.482069346.to_port": "0",
                            "id": "sg-d9cd98bc",
                            "ingress.#": "3",
                            "ingress.2214680975.cidr_blocks.#": "1",
                            "ingress.2214680975.cidr_blocks.0": "0.0.0.0/0",
                            "ingress.2214680975.from_port": "80",
                            "ingress.2214680975.ipv6_cidr_blocks.#": "0",
                            "ingress.2214680975.protocol": "TCP",
                            "ingress.2214680975.security_groups.#": "0",
                            "ingress.2214680975.self": "false",
                            "ingress.2214680975.to_port": "80",
                            "ingress.2617001939.cidr_blocks.#": "1",
                            "ingress.2617001939.cidr_blocks.0": "0.0.0.0/0",
                            "ingress.2617001939.from_port": "443",
                            "ingress.2617001939.ipv6_cidr_blocks.#": "0",
                            "ingress.2617001939.protocol": "TCP",
                            "ingress.2617001939.security_groups.#": "0",
                            "ingress.2617001939.self": "false",
                            "ingress.2617001939.to_port": "443",
                            "ingress.3214867474.cidr_blocks.#": "1",
                            "ingress.3214867474.cidr_blocks.0": "0.0.0.0/0",
                            "ingress.3214867474.from_port": "4443",
                            "ingress.3214867474.ipv6_cidr_blocks.#": "0",
                            "ingress.3214867474.protocol": "TCP",
                            "ingress.3214867474.security_groups.#": "0",
                            "ingress.3214867474.self": "false",
                            "ingress.3214867474.to_port": "4443",
                            "name": "mrs-pcf_PcfHttpElb_sg",
                            "owner_id": "188453446942",
                            "tags.%": "1",
                            "tags.Name": "mrs-PcfHttpElb Security Group",
                            "vpc_id": "vpc-d03f8fb5"
                        },
                        "meta": {},
                        "tainted": false
                    },
                    "deposed": [],
                    "provider": ""
                },
                "aws_security_group.PcfSshElbSg": {
                    "type": "aws_security_group",
                    "depends_on": [
                        "aws_vpc.PcfVpc"
                    ],
                    "primary": {
                        "id": "sg-e6cd9883",
                        "attributes": {
                            "description": "Allow incoming connections for PcfSshElb Elb.",
                            "egress.#": "1",
                            "egress.482069346.cidr_blocks.#": "1",
                            "egress.482069346.cidr_blocks.0": "0.0.0.0/0",
                            "egress.482069346.from_port": "0",
                            "egress.482069346.ipv6_cidr_blocks.#": "0",
                            "egress.482069346.prefix_list_ids.#": "0",
                            "egress.482069346.protocol": "-1",
                            "egress.482069346.security_groups.#": "0",
                            "egress.482069346.self": "false",
                            "egress.482069346.to_port": "0",
                            "id": "sg-e6cd9883",
                            "ingress.#": "1",
                            "ingress.3985202168.cidr_blocks.#": "1",
                            "ingress.3985202168.cidr_blocks.0": "0.0.0.0/0",
                            "ingress.3985202168.from_port": "2222",
                            "ingress.3985202168.ipv6_cidr_blocks.#": "0",
                            "ingress.3985202168.protocol": "TCP",
                            "ingress.3985202168.security_groups.#": "0",
                            "ingress.3985202168.self": "false",
                            "ingress.3985202168.to_port": "2222",
                            "name": "mrs-pcf_PcfSshElb_sg",
                            "owner_id": "188453446942",
                            "tags.%": "1",
                            "tags.Name": "mrs-PcfSshElb Security Group",
                            "vpc_id": "vpc-d03f8fb5"
                        },
                        "meta": {},
                        "tainted": false
                    },
                    "deposed": [],
                    "provider": ""
                },
                "aws_security_group.directorSG": {
                    "type": "aws_security_group",
                    "depends_on": [
                        "aws_vpc.PcfVpc"
                    ],
                    "primary": {
                        "id": "sg-45cd9820",
                        "attributes": {
                            "description": "Allow incoming connections for Ops Manager.",
                            "egress.#": "1",
                            "egress.482069346.cidr_blocks.#": "1",
                            "egress.482069346.cidr_blocks.0": "0.0.0.0/0",
                            "egress.482069346.from_port": "0",
                            "egress.482069346.ipv6_cidr_blocks.#": "0",
                            "egress.482069346.prefix_list_ids.#": "0",
                            "egress.482069346.protocol": "-1",
                            "egress.482069346.security_groups.#": "0",
                            "egress.482069346.self": "false",
                            "egress.482069346.to_port": "0",
                            "id": "sg-45cd9820",
                            "ingress.#": "3",
                            "ingress.1960698028.cidr_blocks.#": "1",
                            "ingress.1960698028.cidr_blocks.0": "10.0.0.0/16",
                            "ingress.1960698028.from_port": "0",
                            "ingress.1960698028.ipv6_cidr_blocks.#": "0",
                            "ingress.1960698028.protocol": "-1",
                            "ingress.1960698028.security_groups.#": "0",
                            "ingress.1960698028.self": "false",
                            "ingress.1960698028.to_port": "0",
                            "ingress.2541437006.cidr_blocks.#": "1",
                            "ingress.2541437006.cidr_blocks.0": "0.0.0.0/0",
                            "ingress.2541437006.from_port": "22",
                            "ingress.2541437006.ipv6_cidr_blocks.#": "0",
                            "ingress.2541437006.protocol": "tcp",
                            "ingress.2541437006.security_groups.#": "0",
                            "ingress.2541437006.self": "false",
                            "ingress.2541437006.to_port": "22",
                            "ingress.2617001939.cidr_blocks.#": "1",
                            "ingress.2617001939.cidr_blocks.0": "0.0.0.0/0",
                            "ingress.2617001939.from_port": "443",
                            "ingress.2617001939.ipv6_cidr_blocks.#": "0",
                            "ingress.2617001939.protocol": "tcp",
                            "ingress.2617001939.security_groups.#": "0",
                            "ingress.2617001939.self": "false",
                            "ingress.2617001939.to_port": "443",
                            "name": "mrs-pcf_director_sg",
                            "owner_id": "188453446942",
                            "tags.%": "1",
                            "tags.Name": "mrs-Ops Manager Director Security Group",
                            "vpc_id": "vpc-d03f8fb5"
                        },
                        "meta": {},
                        "tainted": false
                    },
                    "deposed": [],
                    "provider": ""
                },
                "aws_security_group.nat_instance_sg": {
                    "type": "aws_security_group",
                    "depends_on": [
                        "aws_vpc.PcfVpc"
                    ],
                    "primary": {
                        "id": "sg-a5c297c0",
                        "attributes": {
                            "description": "mrs NAT Instance Security Group",
                            "egress.#": "1",
                            "egress.482069346.cidr_blocks.#": "1",
                            "egress.482069346.cidr_blocks.0": "0.0.0.0/0",
                            "egress.482069346.from_port": "0",
                            "egress.482069346.ipv6_cidr_blocks.#": "0",
                            "egress.482069346.prefix_list_ids.#": "0",
                            "egress.482069346.protocol": "-1",
                            "egress.482069346.security_groups.#": "0",
                            "egress.482069346.self": "false",
                            "egress.482069346.to_port": "0",
                            "id": "sg-a5c297c0",
                            "ingress.#": "1",
                            "ingress.1960698028.cidr_blocks.#": "1",
                            "ingress.1960698028.cidr_blocks.0": "10.0.0.0/16",
                            "ingress.1960698028.from_port": "0",
                            "ingress.1960698028.ipv6_cidr_blocks.#": "0",
                            "ingress.1960698028.protocol": "-1",
                            "ingress.1960698028.security_groups.#": "0",
                            "ingress.1960698028.self": "false",
                            "ingress.1960698028.to_port": "0",
                            "name": "mrs-nat_instance_sg",
                            "owner_id": "188453446942",
                            "tags.%": "1",
                            "tags.Name": "mrs-NAT intance security group",
                            "vpc_id": "vpc-d03f8fb5"
                        },
                        "meta": {},
                        "tainted": false
                    },
                    "deposed": [],
                    "provider": ""
                },
                "aws_security_group.pcfSG": {
                    "type": "aws_security_group",
                    "depends_on": [
                        "aws_vpc.PcfVpc"
                    ],
                    "primary": {
                        "id": "sg-dacd98bf",
                        "attributes": {
                            "description": "Allow connections between PCF VMs.",
                            "egress.#": "1",
                            "egress.482069346.cidr_blocks.#": "1",
                            "egress.482069346.cidr_blocks.0": "0.0.0.0/0",
                            "egress.482069346.from_port": "0",
                            "egress.482069346.ipv6_cidr_blocks.#": "0",
                            "egress.482069346.prefix_list_ids.#": "0",
                            "egress.482069346.protocol": "-1",
                            "egress.482069346.security_groups.#": "0",
                            "egress.482069346.self": "false",
                            "egress.482069346.to_port": "0",
                            "id": "sg-dacd98bf",
                            "ingress.#": "1",
                            "ingress.1960698028.cidr_blocks.#": "1",
                            "ingress.1960698028.cidr_blocks.0": "10.0.0.0/16",
                            "ingress.1960698028.from_port": "0",
                            "ingress.1960698028.ipv6_cidr_blocks.#": "0",
                            "ingress.1960698028.protocol": "-1",
                            "ingress.1960698028.security_groups.#": "0",
                            "ingress.1960698028.self": "false",
                            "ingress.1960698028.to_port": "0",
                            "name": "mrs-pcf_vms_sg",
                            "owner_id": "188453446942",
                            "tags.%": "1",
                            "tags.Name": "mrs-PCF VMs Security Group",
                            "vpc_id": "vpc-d03f8fb5"
                        },
                        "meta": {},
                        "tainted": false
                    },
                    "deposed": [],
                    "provider": ""
                },
                "aws_security_group.rdsSG": {
                    "type": "aws_security_group",
                    "depends_on": [
                        "aws_vpc.PcfVpc"
                    ],
                    "primary": {
                        "id": "sg-3fc2975a",
                        "attributes": {
                            "description": "Allow incoming connections for RDS.",
                            "egress.#": "1",
                            "egress.482069346.cidr_blocks.#": "1",
                            "egress.482069346.cidr_blocks.0": "0.0.0.0/0",
                            "egress.482069346.from_port": "0",
                            "egress.482069346.ipv6_cidr_blocks.#": "0",
                            "egress.482069346.prefix_list_ids.#": "0",
                            "egress.482069346.protocol": "-1",
                            "egress.482069346.security_groups.#": "0",
                            "egress.482069346.self": "false",
                            "egress.482069346.to_port": "0",
                            "id": "sg-3fc2975a",
                            "ingress.#": "1",
                            "ingress.2938088484.cidr_blocks.#": "1",
                            "ingress.2938088484.cidr_blocks.0": "10.0.0.0/16",
                            "ingress.2938088484.from_port": "3306",
                            "ingress.2938088484.ipv6_cidr_blocks.#": "0",
                            "ingress.2938088484.protocol": "tcp",
                            "ingress.2938088484.security_groups.#": "0",
                            "ingress.2938088484.self": "false",
                            "ingress.2938088484.to_port": "3306",
                            "name": "mrs-pcf_rds_sg",
                            "owner_id": "188453446942",
                            "tags.%": "1",
                            "tags.Name": "mrs-RDS Security Group",
                            "vpc_id": "vpc-d03f8fb5"
                        },
                        "meta": {},
                        "tainted": false
                    },
                    "deposed": [],
                    "provider": ""
                },
                "aws_subnet.PcfVpcErtSubnet_az1": {
                    "type": "aws_subnet",
                    "depends_on": [
                        "aws_vpc.PcfVpc"
                    ],
                    "primary": {
                        "id": "subnet-f9adf48e",
                        "attributes": {
                            "assign_ipv6_address_on_creation": "false",
                            "availability_zone": "us-gov-west-1a",
                            "cidr_block": "10.0.16.0/20",
                            "id": "subnet-f9adf48e",
                            "map_public_ip_on_launch": "false",
                            "tags.%": "1",
                            "tags.Name": "mrs-PcfVpc Ert Subnet AZ1",
                            "vpc_id": "vpc-d03f8fb5"
                        },
                        "meta": {
                            "schema_version": "1"
                        },
                        "tainted": false
                    },
                    "deposed": [],
                    "provider": ""
                },
                "aws_subnet.PcfVpcErtSubnet_az2": {
                    "type": "aws_subnet",
                    "depends_on": [
                        "aws_vpc.PcfVpc"
                    ],
                    "primary": {
                        "id": "subnet-27a08b42",
                        "attributes": {
                            "assign_ipv6_address_on_creation": "false",
                            "availability_zone": "us-gov-west-1b",
                            "cidr_block": "10.0.32.0/20",
                            "id": "subnet-27a08b42",
                            "map_public_ip_on_launch": "false",
                            "tags.%": "1",
                            "tags.Name": "mrs-PcfVpc Ert Subnet AZ2",
                            "vpc_id": "vpc-d03f8fb5"
                        },
                        "meta": {
                            "schema_version": "1"
                        },
                        "tainted": false
                    },
                    "deposed": [],
                    "provider": ""
                },
                "aws_subnet.PcfVpcInfraSubnet_az1": {
                    "type": "aws_subnet",
                    "depends_on": [
                        "aws_vpc.PcfVpc"
                    ],
                    "primary": {
                        "id": "subnet-84aaf3f3",
                        "attributes": {
                            "assign_ipv6_address_on_creation": "false",
                            "availability_zone": "us-gov-west-1a",
                            "cidr_block": "10.0.6.0/24",
                            "id": "subnet-84aaf3f3",
                            "map_public_ip_on_launch": "false",
                            "tags.%": "1",
                            "tags.Name": "mrs-PcfVpc Infrastructure Subnet",
                            "vpc_id": "vpc-d03f8fb5"
                        },
                        "meta": {
                            "schema_version": "1"
                        },
                        "tainted": false
                    },
                    "deposed": [],
                    "provider": ""
                },
                "aws_subnet.PcfVpcPublicSubnet_az1": {
                    "type": "aws_subnet",
                    "depends_on": [
                        "aws_vpc.PcfVpc"
                    ],
                    "primary": {
                        "id": "subnet-5eadf429",
                        "attributes": {
                            "assign_ipv6_address_on_creation": "false",
                            "availability_zone": "us-gov-west-1a",
                            "cidr_block": "10.0.0.0/24",
                            "id": "subnet-5eadf429",
                            "map_public_ip_on_launch": "false",
                            "tags.%": "1",
                            "tags.Name": "mrs-PcfVpc Public Subnet AZ1",
                            "vpc_id": "vpc-d03f8fb5"
                        },
                        "meta": {
                            "schema_version": "1"
                        },
                        "tainted": false
                    },
                    "deposed": [],
                    "provider": ""
                },
                "aws_subnet.PcfVpcPublicSubnet_az2": {
                    "type": "aws_subnet",
                    "depends_on": [
                        "aws_vpc.PcfVpc"
                    ],
                    "primary": {
                        "id": "subnet-3da78c58",
                        "attributes": {
                            "assign_ipv6_address_on_creation": "false",
                            "availability_zone": "us-gov-west-1b",
                            "cidr_block": "10.0.1.0/24",
                            "id": "subnet-3da78c58",
                            "map_public_ip_on_launch": "false",
                            "tags.%": "1",
                            "tags.Name": "mrs-PcfVpc Public Subnet AZ2",
                            "vpc_id": "vpc-d03f8fb5"
                        },
                        "meta": {
                            "schema_version": "1"
                        },
                        "tainted": false
                    },
                    "deposed": [],
                    "provider": ""
                },
                "aws_subnet.PcfVpcRdsSubnet_az1": {
                    "type": "aws_subnet",
                    "depends_on": [
                        "aws_vpc.PcfVpc"
                    ],
                    "primary": {
                        "id": "subnet-9eadf4e9",
                        "attributes": {
                            "assign_ipv6_address_on_creation": "false",
                            "availability_zone": "us-gov-west-1a",
                            "cidr_block": "10.0.3.0/24",
                            "id": "subnet-9eadf4e9",
                            "map_public_ip_on_launch": "false",
                            "tags.%": "1",
                            "tags.Name": "mrs-PcfVpc Rds Subnet AZ1",
                            "vpc_id": "vpc-d03f8fb5"
                        },
                        "meta": {
                            "schema_version": "1"
                        },
                        "tainted": false
                    },
                    "deposed": [],
                    "provider": ""
                },
                "aws_subnet.PcfVpcRdsSubnet_az2": {
                    "type": "aws_subnet",
                    "depends_on": [
                        "aws_vpc.PcfVpc"
                    ],
                    "primary": {
                        "id": "subnet-26a08b43",
                        "attributes": {
                            "assign_ipv6_address_on_creation": "false",
                            "availability_zone": "us-gov-west-1b",
                            "cidr_block": "10.0.4.0/24",
                            "id": "subnet-26a08b43",
                            "map_public_ip_on_launch": "false",
                            "tags.%": "1",
                            "tags.Name": "mrs-PcfVpc Rds Subnet AZ2",
                            "vpc_id": "vpc-d03f8fb5"
                        },
                        "meta": {
                            "schema_version": "1"
                        },
                        "tainted": false
                    },
                    "deposed": [],
                    "provider": ""
                },
                "aws_subnet.PcfVpcServicesSubnet_az1": {
                    "type": "aws_subnet",
                    "depends_on": [
                        "aws_vpc.PcfVpc"
                    ],
                    "primary": {
                        "id": "subnet-5fadf428",
                        "attributes": {
                            "assign_ipv6_address_on_creation": "false",
                            "availability_zone": "us-gov-west-1a",
                            "cidr_block": "10.0.64.0/20",
                            "id": "subnet-5fadf428",
                            "map_public_ip_on_launch": "false",
                            "tags.%": "1",
                            "tags.Name": "mrs-PcfVpc Services Subnet AZ1",
                            "vpc_id": "vpc-d03f8fb5"
                        },
                        "meta": {
                            "schema_version": "1"
                        },
                        "tainted": false
                    },
                    "deposed": [],
                    "provider": ""
                },
                "aws_subnet.PcfVpcServicesSubnet_az2": {
                    "type": "aws_subnet",
                    "depends_on": [
                        "aws_vpc.PcfVpc"
                    ],
                    "primary": {
                        "id": "subnet-8aa08bef",
                        "attributes": {
                            "assign_ipv6_address_on_creation": "false",
                            "availability_zone": "us-gov-west-1b",
                            "cidr_block": "10.0.80.0/20",
                            "id": "subnet-8aa08bef",
                            "map_public_ip_on_launch": "false",
                            "tags.%": "1",
                            "tags.Name": "mrs-PcfVpc Services Subnet AZ2",
                            "vpc_id": "vpc-d03f8fb5"
                        },
                        "meta": {
                            "schema_version": "1"
                        },
                        "tainted": false
                    },
                    "deposed": [],
                    "provider": ""
                },
                "aws_vpc.PcfVpc": {
                    "type": "aws_vpc",
                    "depends_on": [],
                    "primary": {
                        "id": "vpc-d03f8fb5",
                        "attributes": {
                            "assign_generated_ipv6_cidr_block": "false",
                            "cidr_block": "10.0.0.0/16",
                            "default_network_acl_id": "acl-1f67077a",
                            "default_route_table_id": "rtb-52d5bb37",
                            "default_security_group_id": "sg-1ccd9879",
                            "dhcp_options_id": "dopt-674b5c05",
                            "enable_dns_hostnames": "true",
                            "enable_dns_support": "true",
                            "id": "vpc-d03f8fb5",
                            "instance_tenancy": "default",
                            "main_route_table_id": "rtb-52d5bb37",
                            "tags.%": "1",
                            "tags.Name": "mrs-terraform-pcf-vpc"
                        },
                        "meta": {
                            "schema_version": "1"
                        },
                        "tainted": false
                    },
                    "deposed": [],
                    "provider": ""
                },
                "aws_vpn_gateway_attachment.vpn_attachment": {
                    "type": "aws_vpn_gateway_attachment",
                    "depends_on": [
                        "aws_vpc.PcfVpc"
                    ],
                    "primary": {
                        "id": "vpn-attachment-30176e9f",
                        "attributes": {
                            "id": "vpn-attachment-30176e9f",
                            "vpc_id": "vpc-d03f8fb5",
                            "vpn_gateway_id": "vgw-b8fe9e9b"
                        },
                        "meta": {},
                        "tainted": false
                    },
                    "deposed": [],
                    "provider": ""
                },
                "data.aws_iam_policy_document.pcf_iam_rds_role_policy_document": {
                    "type": "aws_iam_policy_document",
                    "depends_on": [
                        "aws_iam_instance_profile.pcf_admin_role_instance_profile",
                        "aws_iam_role.pcf_admin_role"
                    ],
                    "primary": {
                        "id": "3682009076",
                        "attributes": {
                            "id": "3682009076",
                            "json": "{\n  \"Version\": \"2012-10-17\",\n  \"Id\": \"mrs_IamRdsRolePolicyDocument\",\n  \"Statement\": [\n    {\n      \"Sid\": \"PcfAdminIamPermissions\",\n      \"Effect\": \"Deny\",\n      \"Action\": [\n        \"iam:Update*\",\n        \"iam:SimulatePrincipalPolicy\",\n        \"iam:SimulateCustomPolicy\",\n        \"iam:SetDefaultPolicyVersion\",\n        \"iam:ResyncMFADevice\",\n        \"iam:RemoveUserFromGroup\",\n        \"iam:RemoveRoleFromInstanceProfile\",\n        \"iam:RemoveClientIDFromOpenIDConnectProvider\",\n        \"iam:Put*\",\n        \"iam:List*\",\n        \"iam:GetUserPolicy\",\n        \"iam:GetUser\",\n        \"iam:GetServiceLastAccessedDetails\",\n        \"iam:GetServerCertificate\",\n        \"iam:GetSSHPublicKey\",\n        \"iam:GetSAMLProvider\",\n        \"iam:GetRolePolicy\",\n        \"iam:GetRole\",\n        \"iam:GetPolicyVersion\",\n        \"iam:GetPolicy\",\n        \"iam:GetOpenIDConnectProvider\",\n        \"iam:GetLoginProfile\",\n        \"iam:GetGroupPolicy\",\n        \"iam:GetGroup\",\n        \"iam:GetCredentialReport\",\n        \"iam:GetContextKeysForPrincipalPolicy\",\n        \"iam:GetContextKeysForCustomPolicy\",\n        \"iam:GetAccountSummary\",\n        \"iam:GetAccountPasswordPolicy\",\n        \"iam:GetAccountAuthorizationDetails\",\n        \"iam:GetAccessKeyLastUsed\",\n        \"iam:GenerateServiceLastAccessedDetails\",\n        \"iam:GenerateCredentialReport\",\n        \"iam:EnableMFADevice\",\n        \"iam:Detach*\",\n        \"iam:Delete*\",\n        \"iam:DeactivateMFADevice\",\n        \"iam:Create*\",\n        \"iam:ChangePassword\",\n        \"iam:Attach*\",\n        \"iam:Add*\"\n      ],\n      \"Resource\": \"*\"\n    },\n    {\n      \"Sid\": \"PcfAdminEc2Permissions\",\n      \"Effect\": \"Allow\",\n      \"Action\": [\n        \"ec2:TerminateInstances\",\n        \"ec2:RunInstances\",\n        \"ec2:RebootInstances\",\n        \"ec2:DisassociateAddress\",\n        \"ec2:DetachVolume\",\n        \"ec2:DescribeVpcs\",\n        \"ec2:DescribeVolumes\",\n        \"ec2:DescribeSubnets\",\n        \"ec2:DescribeSnapshots\",\n        \"ec2:DescribeSecurityGroups\",\n        \"ec2:DescribeRegions\",\n        \"ec2:DescribeKeypairs\",\n        \"ec2:DescribeInstances\",\n        \"ec2:DescribeImages\",\n        \"ec2:DescribeAvailabilityZones\",\n        \"ec2:DescribeAddresses\",\n        \"ec2:DescribeAccountAttributes\",\n        \"ec2:DeleteVolume\",\n        \"ec2:DeleteSnapshot\",\n        \"ec2:CreateVolume\",\n        \"ec2:CreateTags\",\n        \"ec2:CreateSnapshot\",\n        \"ec2:AttachVolume\",\n        \"ec2:AssociateAddress\"\n      ],\n      \"Resource\": \"*\"\n    },\n    {\n      \"Sid\": \"PcfAdminElbPermissions\",\n      \"Effect\": \"Allow\",\n      \"Action\": [\n        \"elasticloadbalancing:RegisterInstancesWithLoadBalancer\",\n        \"elasticloadbalancing:DescribeLoadBalancers\",\n        \"elasticloadbalancing:DeregisterInstancesFromLoadBalancer\"\n      ],\n      \"Resource\": \"*\"\n    },\n    {\n      \"Sid\": \"PcfAdminS3Permissions\",\n      \"Effect\": \"Allow\",\n      \"Action\": \"s3:*\",\n      \"Resource\": [\n        \"arn:aws-us-gov:s3:::mrs-pcf-bosh/*\",\n        \"arn:aws-us-gov:s3:::mrs-pcf-bosh\"\n      ]\n    },\n    {\n      \"Sid\": \"AllowToCreateInstanceWithCurrentInstanceProfile\",\n      \"Effect\": \"Allow\",\n      \"Action\": \"iam:PassRole\",\n      \"Resource\": \"arn:aws-us-gov:iam::188453446942:role/mrs_pcf_admin_role\"\n    },\n    {\n      \"Sid\": \"AllowToGetInfoAboutCurrentInstanceProfile\",\n      \"Effect\": \"Allow\",\n      \"Action\": \"iam:GetInstanceProfile\",\n      \"Resource\": \"arn:aws-us-gov:iam::188453446942:instance-profile/mrs_pcf_admin_role_instance_profile\"\n    }\n  ]\n}",
                            "policy_id": "mrs_IamRdsRolePolicyDocument",
                            "statement.#": "6",
                            "statement.0.actions.#": "41",
                            "statement.0.actions.1037937706": "iam:GetAccountAuthorizationDetails",
                            "statement.0.actions.128555758": "iam:SetDefaultPolicyVersion",
                            "statement.0.actions.1312114282": "iam:GetCredentialReport",
                            "statement.0.actions.13746420": "iam:RemoveRoleFromInstanceProfile",
                            "statement.0.actions.1380368002": "iam:GetSAMLProvider",
                            "statement.0.actions.1674429599": "iam:GetRole",
                            "statement.0.actions.1925855670": "iam:Update*",
                            "statement.0.actions.2497561494": "iam:Create*",
                            "statement.0.actions.2522401458": "iam:SimulatePrincipalPolicy",
                            "statement.0.actions.2726323048": "iam:GetServiceLastAccessedDetails",
                            "statement.0.actions.2757730094": "iam:GetContextKeysForCustomPolicy",
                            "statement.0.actions.2797148376": "iam:SimulateCustomPolicy",
                            "statement.0.actions.2892165247": "iam:Put*",
                            "statement.0.actions.2907882226": "iam:GenerateServiceLastAccessedDetails",
                            "statement.0.actions.304513894": "iam:GetAccountSummary",
                            "statement.0.actions.3098860698": "iam:Attach*",
                            "statement.0.actions.3126187117": "iam:GetOpenIDConnectProvider",
                            "statement.0.actions.3245363121": "iam:GetUser",
                            "statement.0.actions.3282607001": "iam:GetAccountPasswordPolicy",
                            "statement.0.actions.3405168396": "iam:ChangePassword",
                            "statement.0.actions.3462103588": "iam:GetPolicyVersion",
                            "statement.0.actions.3508470034": "iam:GetServerCertificate",
                            "statement.0.actions.3585023987": "iam:GetGroup",
                            "statement.0.actions.3623887571": "iam:GetSSHPublicKey",
                            "statement.0.actions.3638137184": "iam:RemoveClientIDFromOpenIDConnectProvider",
                            "statement.0.actions.3661080708": "iam:List*",
                            "statement.0.actions.3675855692": "iam:GetPolicy",
                            "statement.0.actions.3762934075": "iam:GetRolePolicy",
                            "statement.0.actions.3777628553": "iam:GetAccessKeyLastUsed",
                            "statement.0.actions.3948664466": "iam:EnableMFADevice",
                            "statement.0.actions.4008615879": "iam:Delete*",
                            "statement.0.actions.4168022639": "iam:GetLoginProfile",
                            "statement.0.actions.4276945891": "iam:ResyncMFADevice",
                            "statement.0.actions.4286421756": "iam:DeactivateMFADevice",
                            "statement.0.actions.448433171": "iam:GetContextKeysForPrincipalPolicy",
                            "statement.0.actions.739661930": "iam:GenerateCredentialReport",
                            "statement.0.actions.762776940": "iam:RemoveUserFromGroup",
                            "statement.0.actions.775760823": "iam:GetUserPolicy",
                            "statement.0.actions.833023352": "iam:GetGroupPolicy",
                            "statement.0.actions.838681988": "iam:Detach*",
                            "statement.0.actions.90299847": "iam:Add*",
                            "statement.0.condition.#": "0",
                            "statement.0.effect": "Deny",
                            "statement.0.not_actions.#": "0",
                            "statement.0.not_principals.#": "0",
                            "statement.0.not_resources.#": "0",
                            "statement.0.principals.#": "0",
                            "statement.0.resources.#": "1",
                            "statement.0.resources.2679715827": "*",
                            "statement.0.sid": "PcfAdminIamPermissions",
                            "statement.1.actions.#": "24",
                            "statement.1.actions.1116652165": "ec2:AttachVolume",
                            "statement.1.actions.1666300009": "ec2:DescribeKeypairs",
                            "statement.1.actions.1765044567": "ec2:TerminateInstances",
                            "statement.1.actions.1802654865": "ec2:DescribeAccountAttributes",
                            "statement.1.actions.1874503478": "ec2:RunInstances",
                            "statement.1.actions.2254860184": "ec2:DeleteVolume",
                            "statement.1.actions.2270227066": "ec2:DescribeImages",
                            "statement.1.actions.235573035": "ec2:DescribeAddresses",
                            "statement.1.actions.2396526577": "ec2:CreateTags",
                            "statement.1.actions.2723879379": "ec2:DescribeVolumes",
                            "statement.1.actions.2727619928": "ec2:DescribeSnapshots",
                            "statement.1.actions.2772249080": "ec2:DescribeVpcs",
                            "statement.1.actions.3357331461": "ec2:DetachVolume",
                            "statement.1.actions.3381669024": "ec2:DisassociateAddress",
                            "statement.1.actions.3466923763": "ec2:DescribeInstances",
                            "statement.1.actions.3699372668": "ec2:DescribeSubnets",
                            "statement.1.actions.3958039885": "ec2:DescribeRegions",
                            "statement.1.actions.4046713676": "ec2:CreateVolume",
                            "statement.1.actions.4122399225": "ec2:AssociateAddress",
                            "statement.1.actions.681815053": "ec2:DescribeAvailabilityZones",
                            "statement.1.actions.70881040": "ec2:DescribeSecurityGroups",
                            "statement.1.actions.736710420": "ec2:RebootInstances",
                            "statement.1.actions.775716708": "ec2:DeleteSnapshot",
                            "statement.1.actions.852612933": "ec2:CreateSnapshot",
                            "statement.1.condition.#": "0",
                            "statement.1.effect": "Allow",
                            "statement.1.not_actions.#": "0",
                            "statement.1.not_principals.#": "0",
                            "statement.1.not_resources.#": "0",
                            "statement.1.principals.#": "0",
                            "statement.1.resources.#": "1",
                            "statement.1.resources.2679715827": "*",
                            "statement.1.sid": "PcfAdminEc2Permissions",
                            "statement.2.actions.#": "3",
                            "statement.2.actions.2009174805": "elasticloadbalancing:DescribeLoadBalancers",
                            "statement.2.actions.2706807274": "elasticloadbalancing:DeregisterInstancesFromLoadBalancer",
                            "statement.2.actions.982461153": "elasticloadbalancing:RegisterInstancesWithLoadBalancer",
                            "statement.2.condition.#": "0",
                            "statement.2.effect": "Allow",
                            "statement.2.not_actions.#": "0",
                            "statement.2.not_principals.#": "0",
                            "statement.2.not_resources.#": "0",
                            "statement.2.principals.#": "0",
                            "statement.2.resources.#": "1",
                            "statement.2.resources.2679715827": "*",
                            "statement.2.sid": "PcfAdminElbPermissions",
                            "statement.3.actions.#": "1",
                            "statement.3.actions.1834123015": "s3:*",
                            "statement.3.condition.#": "0",
                            "statement.3.effect": "Allow",
                            "statement.3.not_actions.#": "0",
                            "statement.3.not_principals.#": "0",
                            "statement.3.not_resources.#": "0",
                            "statement.3.principals.#": "0",
                            "statement.3.resources.#": "2",
                            "statement.3.resources.3786851897": "arn:aws-us-gov:s3:::mrs-pcf-bosh",
                            "statement.3.resources.4162140118": "arn:aws-us-gov:s3:::mrs-pcf-bosh/*",
                            "statement.3.sid": "PcfAdminS3Permissions",
                            "statement.4.actions.#": "1",
                            "statement.4.actions.646648939": "iam:PassRole",
                            "statement.4.condition.#": "0",
                            "statement.4.effect": "Allow",
                            "statement.4.not_actions.#": "0",
                            "statement.4.not_principals.#": "0",
                            "statement.4.not_resources.#": "0",
                            "statement.4.principals.#": "0",
                            "statement.4.resources.#": "1",
                            "statement.4.resources.33689101": "arn:aws-us-gov:iam::188453446942:role/mrs_pcf_admin_role",
                            "statement.4.sid": "AllowToCreateInstanceWithCurrentInstanceProfile",
                            "statement.5.actions.#": "1",
                            "statement.5.actions.2362041738": "iam:GetInstanceProfile",
                            "statement.5.condition.#": "0",
                            "statement.5.effect": "Allow",
                            "statement.5.not_actions.#": "0",
                            "statement.5.not_principals.#": "0",
                            "statement.5.not_resources.#": "0",
                            "statement.5.principals.#": "0",
                            "statement.5.resources.#": "1",
                            "statement.5.resources.4106003902": "arn:aws-us-gov:iam::188453446942:instance-profile/mrs_pcf_admin_role_instance_profile",
                            "statement.5.sid": "AllowToGetInfoAboutCurrentInstanceProfile"
                        },
                        "meta": {},
                        "tainted": false
                    },
                    "deposed": [],
                    "provider": ""
                }
            },
            "depends_on": []
        }
    ]
}
